
Microsoft Visual Studio Solution File, Format Version 12.00
# Visual Studio Version 17
VisualStudioVersion = 17.4.33213.308
MinimumVisualStudioVersion = 10.0.40219.1
Project("{FAE04EC0-301F-11D3-BF4B-00C04F79EFBC}") = "CoreDemo", "CoreDemo\CoreDemo.csproj", "{86AB015F-2C4D-4D4D-8E7F-BD92CA5A993B}"
EndProject
Project("{FAE04EC0-301F-11D3-BF4B-00C04F79EFBC}") = "EntityLayer", "EntityLayer\EntityLayer.csproj", "{4E40ADD1-9F91-4DF5-B8D0-D8E8E8475922}"
EndProject
Project("{FAE04EC0-301F-11D3-BF4B-00C04F79EFBC}") = "DataAccessLayer", "DataAccessLayer\DataAccessLayer.csproj", "{B445224A-1232-4F71-BA87-58DA1BBA81E2}"
EndProject
Project("{FAE04EC0-301F-11D3-BF4B-00C04F79EFBC}") = "BusinessLayer", "BusinessLayer\BusinessLayer.csproj", "{79FF9941-B3C1-4A13-B7C5-23F2FDF0FDF1}"
EndProject
Project("{FAE04EC0-301F-11D3-BF4B-00C04F79EFBC}") = "CoreLayer", "CoreLayer\CoreLayer.csproj", "{5C4885FE-0755-491F-A27D-C204F597A275}"
EndProject
Global
	GlobalSection(SolutionConfigurationPlatforms) = preSolution
		Debug|Any CPU = Debug|Any CPU
		Release|Any CPU = Release|Any CPU
	EndGlobalSection
	GlobalSection(ProjectConfigurationPlatforms) = postSolution
		{86AB015F-2C4D-4D4D-8E7F-BD92CA5A993B}.Debug|Any CPU.ActiveCfg = Debug|Any CPU
		{86AB015F-2C4D-4D4D-8E7F-BD92CA5A993B}.Debug|Any CPU.Build.0 = Debug|Any CPU
		{86AB015F-2C4D-4D4D-8E7F-BD92CA5A993B}.Release|Any CPU.ActiveCfg = Release|Any CPU
		{86AB015F-2C4D-4D4D-8E7F-BD92CA5A993B}.Release|Any CPU.Build.0 = Release|Any CPU
		{4E40ADD1-9F91-4DF5-B8D0-D8E8E8475922}.Debug|Any CPU.ActiveCfg = Debug|Any CPU
		{4E40ADD1-9F91-4DF5-B8D0-D8E8E8475922}.Debug|Any CPU.Build.0 = Debug|Any CPU
		{4E40ADD1-9F91-4DF5-B8D0-D8E8E8475922}.Release|Any CPU.ActiveCfg = Release|Any CPU
		{4E40ADD1-9F91-4DF5-B8D0-D8E8E8475922}.Release|Any CPU.Build.0 = Release|Any CPU
		{B445224A-1232-4F71-BA87-58DA1BBA81E2}.Debug|Any CPU.ActiveCfg = Debug|Any CPU
		{B445224A-1232-4F71-BA87-58DA1BBA81E2}.Debug|Any CPU.Build.0 = Debug|Any CPU
		{B445224A-1232-4F71-BA87-58DA1BBA81E2}.Release|Any CPU.ActiveCfg = Release|Any CPU
		{B445224A-1232-4F71-BA87-58DA1BBA81E2}.Release|Any CPU.Build.0 = Release|Any CPU
		{79FF9941-B3C1-4A13-B7C5-23F2FDF0FDF1}.Debug|Any CPU.ActiveCfg = Debug|Any CPU
		{79FF9941-B3C1-4A13-B7C5-23F2FDF0FDF1}.Debug|Any CPU.Build.0 = Debug|Any CPU
		{79FF9941-B3C1-4A13-B7C5-23F2FDF0FDF1}.Release|Any CPU.ActiveCfg = Release|Any CPU
		{79FF9941-B3C1-4A13-B7C5-23F2FDF0FDF1}.Release|Any CPU.Build.0 = Release|Any CPU
		{5C4885FE-0755-491F-A27D-C204F597A275}.Debug|Any CPU.ActiveCfg = Debug|Any CPU
		{5C4885FE-0755-491F-A27D-C204F597A275}.Debug|Any CPU.Build.0 = Debug|Any CPU
		{5C4885FE-0755-491F-A27D-C204F597A275}.Release|Any CPU.ActiveCfg = Release|Any CPU
		{5C4885FE-0755-491F-A27D-C204F597A275}.Release|Any CPU.Build.0 = Release|Any CPU
	EndGlobalSection
	GlobalSection(SolutionProperties) = preSolution
		HideSolutionNode = FALSE
	EndGlobalSection
	GlobalSection(ExtensibilityGlobals) = postSolution
		SolutionGuid = {AE6C2295-ED02-45A2-95E5-74E4AE171229}
	EndGlobalSection
EndGlobal
